github.com/go-ruby-fast-gettext-locale/fast-gettext-locale v0.0.0-20260709170525-affabfaa9f08 h1:hA9oy6fHh7+jVQU4M8+bWlvpBgRGzk/zds+MfPXyTz4=
github.com/go-ruby-fast-gettext-locale/fast-gettext-locale v0.0.0-20260709170525-affabfaa9f08/go.mod h1:uL9OXR02JFILIgyJTWs82PseC59F54CNWZVSEnPkRbs=
github.com/go-ruby-fast-gettext-locale/fast-gettext-locale v0.0.0-20260825110154-a53e0e3a41a7 h1:vKG4lEzAZX0MXc0RgIZvuxxjLm5GEnUiwgV711nEbhY=
github.com/go-ruby-fast-gettext-locale/fast-gettext-locale v0.0.0-20260825110154-a53e0e3a41a7/go.mod h1:uL9OXR02JFILIgyJTWs82PseC59F54CNWZVSEnPkRbs=
